
Microsoft Visual Studio Solution File, Format Version 12.00
# Visual Studio Version 16
VisualStudioVersion = 25.0.1703.6
MinimumVisualStudioVersion = 10.0.40219.1
Project("{FAE04EC0-301F-11D3-BF4B-00C04F79EFBC}") = "FactoryPattern", "FactoryPattern\FactoryPattern.csproj", "{4F33796A-5CBD-4E12-A9AC-28C2EAA48884}"
EndProject
Global
	GlobalSection(SolutionConfigurationPlatforms) = preSolution
		Debug|Any CPU = Debug|Any CPU
		Release|Any CPU = Release|Any CPU
	EndGlobalSection
	GlobalSection(ProjectConfigurationPlatforms) = postSolution
		{4F33796A-5CBD-4E12-A9AC-28C2EAA48884}.Debug|Any CPU.ActiveCfg = Debug|Any CPU
		{4F33796A-5CBD-4E12-A9AC-28C2EAA48884}.Debug|Any CPU.Build.0 = Debug|Any CPU
		{4F33796A-5CBD-4E12-A9AC-28C2EAA48884}.Release|Any CPU.ActiveCfg = Release|Any CPU
		{4F33796A-5CBD-4E12-A9AC-28C2EAA48884}.Release|Any CPU.Build.0 = Release|Any CPU
	EndGlobalSection
	GlobalSection(SolutionProperties) = preSolution
		HideSolutionNode = FALSE
	EndGlobalSection
	GlobalSection(ExtensibilityGlobals) = postSolution
		SolutionGuid = {2BF48FE9-DFCF-4B4C-8B31-46E954BA0214}
	EndGlobalSection
EndGlobal
